
Microsoft Visual Studio Solution File, Format Version 12.00
# Visual Studio 2013
VisualStudioVersion = 12.0.40629.0
MinimumVisualStudioVersion = 10.0.40219.1
Project("{FAE04EC0-301F-11D3-BF4B-00C04F79EFBC}") = "SyncArcMapToGoogleEarth10_3", "SyncArcMapToGoogleEarth10_3\SyncArcMapToGoogleEarth10_3.csproj", "{C37767BB-18E6-4743-A5EC-1D7F2B38F487}"
EndProject
Project("{FAE04EC0-301F-11D3-BF4B-00C04F79EFBC}") = "SyncArcMapToGoogleEarth10_2", "SyncArcMapToGoogleEarth10_2\SyncArcMapToGoogleEarth10_2.csproj", "{C69BFABD-11C0-45D3-AB5B-FD28B9DC0156}"
EndProject
Project("{FAE04EC0-301F-11D3-BF4B-00C04F79EFBC}") = "SyncArcMapToGoogleEarth10_4", "SyncArcMapToGoogleEarth10_4\SyncArcMapToGoogleEarth10_4.csproj", "{B0FB08CC-2EE8-4106-82ED-5E70E2985E25}"
EndProject
Global
	GlobalSection(SolutionConfigurationPlatforms) = preSolution
		Debug|Any CPU = Debug|Any CPU
		Release|Any CPU = Release|Any CPU
	EndGlobalSection
	GlobalSection(ProjectConfigurationPlatforms) = postSolution
		{C37767BB-18E6-4743-A5EC-1D7F2B38F487}.Debug|Any CPU.ActiveCfg = Debug|Any CPU
		{C37767BB-18E6-4743-A5EC-1D7F2B38F487}.Debug|Any CPU.Build.0 = Debug|Any CPU
		{C37767BB-18E6-4743-A5EC-1D7F2B38F487}.Release|Any CPU.ActiveCfg = Release|Any CPU
		{C37767BB-18E6-4743-A5EC-1D7F2B38F487}.Release|Any CPU.Build.0 = Release|Any CPU
		{C69BFABD-11C0-45D3-AB5B-FD28B9DC0156}.Debug|Any CPU.ActiveCfg = Debug|Any CPU
		{C69BFABD-11C0-45D3-AB5B-FD28B9DC0156}.Debug|Any CPU.Build.0 = Debug|Any CPU
		{C69BFABD-11C0-45D3-AB5B-FD28B9DC0156}.Release|Any CPU.ActiveCfg = Release|Any CPU
		{C69BFABD-11C0-45D3-AB5B-FD28B9DC0156}.Release|Any CPU.Build.0 = Release|Any CPU
		{B0FB08CC-2EE8-4106-82ED-5E70E2985E25}.Debug|Any CPU.ActiveCfg = Debug|Any CPU
		{B0FB08CC-2EE8-4106-82ED-5E70E2985E25}.Debug|Any CPU.Build.0 = Debug|Any CPU
		{B0FB08CC-2EE8-4106-82ED-5E70E2985E25}.Release|Any CPU.ActiveCfg = Release|Any CPU
		{B0FB08CC-2EE8-4106-82ED-5E70E2985E25}.Release|Any CPU.Build.0 = Release|Any CPU
	EndGlobalSection
	GlobalSection(SolutionProperties) = preSolution
		HideSolutionNode = FALSE
	EndGlobalSection
EndGlobal
